
Microsoft Visual Studio Solution File, Format Version 12.00
# Visual Studio Version 17
VisualStudioVersion = 17.3.32804.467
MinimumVisualStudioVersion = 10.0.40219.1
Project("{FAE04EC0-301F-11D3-BF4B-00C04F79EFBC}") = "AlgorithmsProblem", "AlgorithmsProblem.csproj", "{D58BDD4B-959E-43E0-9A3B-D3C1323363A2}"
EndProject
Global
	GlobalSection(SolutionConfigurationPlatforms) = preSolution
		Debug|Any CPU = Debug|Any CPU
		Release|Any CPU = Release|Any CPU
	EndGlobalSection
	GlobalSection(ProjectConfigurationPlatforms) = postSolution
		{D58BDD4B-959E-43E0-9A3B-D3C1323363A2}.Debug|Any CPU.ActiveCfg = Debug|Any CPU
		{D58BDD4B-959E-43E0-9A3B-D3C1323363A2}.Debug|Any CPU.Build.0 = Debug|Any CPU
		{D58BDD4B-959E-43E0-9A3B-D3C1323363A2}.Release|Any CPU.ActiveCfg = Release|Any CPU
		{D58BDD4B-959E-43E0-9A3B-D3C1323363A2}.Release|Any CPU.Build.0 = Release|Any CPU
	EndGlobalSection
	GlobalSection(SolutionProperties) = preSolution
		HideSolutionNode = FALSE
	EndGlobalSection
	GlobalSection(ExtensibilityGlobals) = postSolution
		SolutionGuid = {C05D5B37-AD2D-47D7-9C53-3D51C19EEFB5}
	EndGlobalSection
EndGlobal
